
Microsoft Visual Studio Solution File, Format Version 12.00
# Visual Studio 15
VisualStudioVersion = 15.0.27130.2024
MinimumVisualStudioVersion = 10.0.40219.1
Project("{FAE04EC0-301F-11D3-BF4B-00C04F79EFBC}") = "Contracts", "Contracts\Contracts.csproj", "{B59B647C-D66C-48D6-902A-E25ECB0B690B}"
EndProject
Global
	GlobalSection(SolutionConfigurationPlatforms) = preSolution
		Debug|Any CPU = Debug|Any CPU
		Release|Any CPU = Release|Any CPU
	EndGlobalSection
	GlobalSection(ProjectConfigurationPlatforms) = postSolution
		{B59B647C-D66C-48D6-902A-E25ECB0B690B}.Debug|Any CPU.ActiveCfg = Debug|Any CPU
		{B59B647C-D66C-48D6-902A-E25ECB0B690B}.Debug|Any CPU.Build.0 = Debug|Any CPU
		{B59B647C-D66C-48D6-902A-E25ECB0B690B}.Release|Any CPU.ActiveCfg = Release|Any CPU
		{B59B647C-D66C-48D6-902A-E25ECB0B690B}.Release|Any CPU.Build.0 = Release|Any CPU
	EndGlobalSection
	GlobalSection(SolutionProperties) = preSolution
		HideSolutionNode = FALSE
	EndGlobalSection
	GlobalSection(ExtensibilityGlobals) = postSolution
		SolutionGuid = {8865AF3F-BC2D-4851-A8FF-0AEF55BBC8B2}
	EndGlobalSection
EndGlobal
